
Microsoft Visual Studio Solution File, Format Version 12.00
# Visual Studio Version 17
VisualStudioVersion = 17.5.002.0
MinimumVisualStudioVersion = 10.0.40219.1
Project("{9A19103F-16F7-4668-BE54-9A1E7A4F7556}") = "TodoApp", "TodoApp.csproj", "{7EB3840D-5C7E-486B-8744-0DFAB29C9FC1}"
EndProject
Global
	GlobalSection(SolutionConfigurationPlatforms) = preSolution
		Debug|Any CPU = Debug|Any CPU
		Release|Any CPU = Release|Any CPU
	EndGlobalSection
	GlobalSection(ProjectConfigurationPlatforms) = postSolution
		{7EB3840D-5C7E-486B-8744-0DFAB29C9FC1}.Debug|Any CPU.ActiveCfg = Debug|Any CPU
		{7EB3840D-5C7E-486B-8744-0DFAB29C9FC1}.Debug|Any CPU.Build.0 = Debug|Any CPU
		{7EB3840D-5C7E-486B-8744-0DFAB29C9FC1}.Release|Any CPU.ActiveCfg = Release|Any CPU
		{7EB3840D-5C7E-486B-8744-0DFAB29C9FC1}.Release|Any CPU.Build.0 = Release|Any CPU
	EndGlobalSection
	GlobalSection(SolutionProperties) = preSolution
		HideSolutionNode = FALSE
	EndGlobalSection
	GlobalSection(ExtensibilityGlobals) = postSolution
		SolutionGuid = {85DF592F-6F5F-4C59-9AEC-B79A81B630E0}
	EndGlobalSection
EndGlobal
